// !$*UTF8*$!
{
	archiveVersion = 1;
	classes = {
	};
	objectVersion = 48;
	objects = {

/* Begin PBXBuildFile section */
		AF7D400B5DD46027C59ACA76 /* Pods_UpsalesTest.framework in Frameworks */ = {isa = PBXBuildFile; fileRef = 6EBF4982B87698BE98E54DF4 /* Pods_UpsalesTest.framework */; };
		FA7250CA2038A47E0066C631 /* AppDelegate.swift in Sources */ = {isa = PBXBuildFile; fileRef = FA7250C92038A47E0066C631 /* AppDelegate.swift */; };
		FA7250CF2038A47E0066C631 /* Main.storyboard in Resources */ = {isa = PBXBuildFile; fileRef = FA7250CD2038A47E0066C631 /* Main.storyboard */; };
		FA7250D12038A47E0066C631 /* Assets.xcassets in Resources */ = {isa = PBXBuildFile; fileRef = FA7250D02038A47E0066C631 /* Assets.xcassets */; };
		FA7250D42038A47E0066C631 /* LaunchScreen.storyboard in Resources */ = {isa = PBXBuildFile; fileRef = FA7250D22038A47E0066C631 /* LaunchScreen.storyboard */; };
		FA7250EE2038A7700066C631 /* APIClient.swift in Sources */ = {isa = PBXBuildFile; fileRef = FA7250ED2038A7700066C631 /* APIClient.swift */; };
		FA7250F12038A7E50066C631 /* ApiConstants.swift in Sources */ = {isa = PBXBuildFile; fileRef = FA7250F02038A7E50066C631 /* ApiConstants.swift */; };
		FA7250F32038A83A0066C631 /* RootNavigationController.swift in Sources */ = {isa = PBXBuildFile; fileRef = FA7250F22038A83A0066C631 /* RootNavigationController.swift */; };
		FA7250F62038A8A00066C631 /* UIColor+upsales.swift in Sources */ = {isa = PBXBuildFile; fileRef = FA7250F52038A8A00066C631 /* UIColor+upsales.swift */; };
		FA7250F82038AA820066C631 /* ClientsViewController.swift in Sources */ = {isa = PBXBuildFile; fileRef = FA7250F72038AA820066C631 /* ClientsViewController.swift */; };
		FA7250FC2038AC2C0066C631 /* ClientsRepository.swift in Sources */ = {isa = PBXBuildFile; fileRef = FA7250FB2038AC2C0066C631 /* ClientsRepository.swift */; };
		FA7250FE2038ACE90066C631 /* FetchClientsListUseCase.swift in Sources */ = {isa = PBXBuildFile; fileRef = FA7250FD2038ACE90066C631 /* FetchClientsListUseCase.swift */; };
		FA7251002038AD550066C631 /* ClientsPresenter.swift in Sources */ = {isa = PBXBuildFile; fileRef = FA7250FF2038AD550066C631 /* ClientsPresenter.swift */; };
		FA7251022038ADDF0066C631 /* ClientsList.swift in Sources */ = {isa = PBXBuildFile; fileRef = FA7251012038ADDF0066C631 /* ClientsList.swift */; };
		FA7251042038ADFC0066C631 /* Client.swift in Sources */ = {isa = PBXBuildFile; fileRef = FA7251032038ADFC0066C631 /* Client.swift */; };
		FA7251062038AE2F0066C631 /* User.swift in Sources */ = {isa = PBXBuildFile; fileRef = FA7251052038AE2F0066C631 /* User.swift */; };
		FA7251082038AF840066C631 /* ClientsViewController+UITableView.swift in Sources */ = {isa = PBXBuildFile; fileRef = FA7251072038AF840066C631 /* ClientsViewController+UITableView.swift */; };
		FA72510B2038B0070066C631 /* ClientsTableViewCell.swift in Sources */ = {isa = PBXBuildFile; fileRef = FA7251092038B0070066C631 /* ClientsTableViewCell.swift */; };
		FA72510C2038B0070066C631 /* ClientsTableViewCell.xib in Resources */ = {isa = PBXBuildFile; fileRef = FA72510A2038B0070066C631 /* ClientsTableViewCell.xib */; };
		FA72510E2038B1ED0066C631 /* ClientsViewController+PresentationDelegate.swift in Sources */ = {isa = PBXBuildFile; fileRef = FA72510D2038B1ED0066C631 /* ClientsViewController+PresentationDelegate.swift */; };
		FA7251102038B24D0066C631 /* UIUtilities.swift in Sources */ = {isa = PBXBuildFile; fileRef = FA72510F2038B24D0066C631 /* UIUtilities.swift */; };
		FA7251132038B34A0066C631 /* Filters.storyboard in Resources */ = {isa = PBXBuildFile; fileRef = FA7251122038B34A0066C631 /* Filters.storyboard */; };
		FA7251152038B3960066C631 /* FiltersNavigationController.swift in Sources */ = {isa = PBXBuildFile; fileRef = FA7251142038B3960066C631 /* FiltersNavigationController.swift */; };
		FA7251172038B4860066C631 /* FilterCriteriaViewController.swift in Sources */ = {isa = PBXBuildFile; fileRef = FA7251162038B4860066C631 /* FilterCriteriaViewController.swift */; };
		FA72511C2038B4E50066C631 /* FilterCriteriaTableViewCell.swift in Sources */ = {isa = PBXBuildFile; fileRef = FA72511A2038B4E50066C631 /* FilterCriteriaTableViewCell.swift */; };
		FA72511D2038B4E50066C631 /* FilterCriteriaTableViewCell.xib in Resources */ = {isa = PBXBuildFile; fileRef = FA72511B2038B4E50066C631 /* FilterCriteriaTableViewCell.xib */; };
		FA72511F2038B5E20066C631 /* FilterCriteriaViewController+UITableView.swift in Sources */ = {isa = PBXBuildFile; fileRef = FA72511E2038B5E20066C631 /* FilterCriteriaViewController+UITableView.swift */; };
/* End PBXBuildFile section */

/* Begin PBXFileReference section */
		5F3825CF5D01EA8B73B0E1A9 /* Pods-UpsalesTest.release.xcconfig */ = {isa = PBXFileReference; includeInIndex = 1; lastKnownFileType = text.xcconfig; name = "Pods-UpsalesTest.release.xcconfig"; path = "Pods/Target Support Files/Pods-UpsalesTest/Pods-UpsalesTest.release.xcconfig"; sourceTree = "<group>"; };
		6EBF4982B87698BE98E54DF4 /* Pods_UpsalesTest.framework */ = {isa = PBXFileReference; explicitFileType = wrapper.framework; includeInIndex = 0; path = Pods_UpsalesTest.framework; sourceTree = BUILT_PRODUCTS_DIR; };
		C6B52E03F66C8622E9BDEE23 /* Pods-UpsalesTest.debug.xcconfig */ = {isa = PBXFileReference; includeInIndex = 1; lastKnownFileType = text.xcconfig; name = "Pods-UpsalesTest.debug.xcconfig"; path = "Pods/Target Support Files/Pods-UpsalesTest/Pods-UpsalesTest.debug.xcconfig"; sourceTree = "<group>"; };
		FA7250C62038A47E0066C631 /* UpsalesTest.app */ = {isa = PBXFileReference; explicitFileType = wrapper.application; includeInIndex = 0; path = UpsalesTest.app; sourceTree = BUILT_PRODUCTS_DIR; };
		FA7250C92038A47E0066C631 /* AppDelegate.swift */ = {isa = PBXFileReference; lastKnownFileType = sourcecode.swift; path = AppDelegate.swift; sourceTree = "<group>"; };
		FA7250CE2038A47E0066C631 /* Base */ = {isa = PBXFileReference; lastKnownFileType = file.storyboard; name = Base; path = Base.lproj/Main.storyboard; sourceTree = "<group>"; };
		FA7250D02038A47E0066C631 /* Assets.xcassets */ = {isa = PBXFileReference; lastKnownFileType = folder.assetcatalog; path = Assets.xcassets; sourceTree = "<group>"; };
		FA7250D32038A47E0066C631 /* Base */ = {isa = PBXFileReference; lastKnownFileType = file.storyboard; name = Base; path = Base.lproj/LaunchScreen.storyboard; sourceTree = "<group>"; };
		FA7250D52038A47E0066C631 /* Info.plist */ = {isa = PBXFileReference; lastKnownFileType = text.plist.xml; path = Info.plist; sourceTree = "<group>"; };
		FA7250ED2038A7700066C631 /* APIClient.swift */ = {isa = PBXFileReference; lastKnownFileType = sourcecode.swift; path = APIClient.swift; sourceTree = "<group>"; };
		FA7250F02038A7E50066C631 /* ApiConstants.swift */ = {isa = PBXFileReference; lastKnownFileType = sourcecode.swift; path = ApiConstants.swift; sourceTree = "<group>"; };
		FA7250F22038A83A0066C631 /* RootNavigationController.swift */ = {isa = PBXFileReference; lastKnownFileType = sourcecode.swift; path = RootNavigationController.swift; sourceTree = "<group>"; };
		FA7250F52038A8A00066C631 /* UIColor+upsales.swift */ = {isa = PBXFileReference; lastKnownFileType = sourcecode.swift; path = "UIColor+upsales.swift"; sourceTree = "<group>"; };
		FA7250F72038AA820066C631 /* ClientsViewController.swift */ = {isa = PBXFileReference; lastKnownFileType = sourcecode.swift; path = ClientsViewController.swift; sourceTree = "<group>"; };
		FA7250FB2038AC2C0066C631 /* ClientsRepository.swift */ = {isa = PBXFileReference; lastKnownFileType = sourcecode.swift; path = ClientsRepository.swift; sourceTree = "<group>"; };
		FA7250FD2038ACE90066C631 /* FetchClientsListUseCase.swift */ = {isa = PBXFileReference; lastKnownFileType = sourcecode.swift; path = FetchClientsListUseCase.swift; sourceTree = "<group>"; };
		FA7250FF2038AD550066C631 /* ClientsPresenter.swift */ = {isa = PBXFileReference; lastKnownFileType = sourcecode.swift; path = ClientsPresenter.swift; sourceTree = "<group>"; };
		FA7251012038ADDF0066C631 /* ClientsList.swift */ = {isa = PBXFileReference; lastKnownFileType = sourcecode.swift; path = ClientsList.swift; sourceTree = "<group>"; };
		FA7251032038ADFC0066C631 /* Client.swift */ = {isa = PBXFileReference; lastKnownFileType = sourcecode.swift; path = Client.swift; sourceTree = "<group>"; };
		FA7251052038AE2F0066C631 /* User.swift */ = {isa = PBXFileReference; lastKnownFileType = sourcecode.swift; path = User.swift; sourceTree = "<group>"; };
		FA7251072038AF840066C631 /* ClientsViewController+UITableView.swift */ = {isa = PBXFileReference; lastKnownFileType = sourcecode.swift; path = "ClientsViewController+UITableView.swift"; sourceTree = "<group>"; };
		FA7251092038B0070066C631 /* ClientsTableViewCell.swift */ = {isa = PBXFileReference; lastKnownFileType = sourcecode.swift; path = ClientsTableViewCell.swift; sourceTree = "<group>"; };
		FA72510A2038B0070066C631 /* ClientsTableViewCell.xib */ = {isa = PBXFileReference; lastKnownFileType = file.xib; path = ClientsTableViewCell.xib; sourceTree = "<group>"; };
		FA72510D2038B1ED0066C631 /* ClientsViewController+PresentationDelegate.swift */ = {isa = PBXFileReference; lastKnownFileType = sourcecode.swift; path = "ClientsViewController+PresentationDelegate.swift"; sourceTree = "<group>"; };
		FA72510F2038B24D0066C631 /* UIUtilities.swift */ = {isa = PBXFileReference; lastKnownFileType = sourcecode.swift; path = UIUtilities.swift; sourceTree = "<group>"; };
		FA7251122038B34A0066C631 /* Filters.storyboard */ = {isa = PBXFileReference; lastKnownFileType = file.storyboard; path = Filters.storyboard; sourceTree = "<group>"; };
		FA7251142038B3960066C631 /* FiltersNavigationController.swift */ = {isa = PBXFileReference; lastKnownFileType = sourcecode.swift; path = FiltersNavigationController.swift; sourceTree = "<group>"; };
		FA7251162038B4860066C631 /* FilterCriteriaViewController.swift */ = {isa = PBXFileReference; lastKnownFileType = sourcecode.swift; path = FilterCriteriaViewController.swift; sourceTree = "<group>"; };
		FA72511A2038B4E50066C631 /* FilterCriteriaTableViewCell.swift */ = {isa = PBXFileReference; fileEncoding = 4; lastKnownFileType = sourcecode.swift; name = FilterCriteriaTableViewCell.swift; path = ../../../../../../../../Documents/UpsalesTest/UpSalesTest/UpSalesTest/CustomViews/Cells/FilterCriteriaTableViewCell.swift; sourceTree = "<group>"; };
		FA72511B2038B4E50066C631 /* FilterCriteriaTableViewCell.xib */ = {isa = PBXFileReference; fileEncoding = 4; lastKnownFileType = file.xib; name = FilterCriteriaTableViewCell.xib; path = ../../../../../../../../Documents/UpsalesTest/UpSalesTest/UpSalesTest/CustomViews/Cells/FilterCriteriaTableViewCell.xib; sourceTree = "<group>"; };
		FA72511E2038B5E20066C631 /* FilterCriteriaViewController+UITableView.swift */ = {isa = PBXFileReference; lastKnownFileType = sourcecode.swift; path = "FilterCriteriaViewController+UITableView.swift"; sourceTree = "<group>"; };
/* End PBXFileReference section */

/* Begin PBXFrameworksBuildPhase section */
		FA7250C32038A47E0066C631 /* Frameworks */ = {
			isa = PBXFrameworksBuildPhase;
			buildActionMask = 2147483647;
			files = (
				AF7D400B5DD46027C59ACA76 /* Pods_UpsalesTest.framework in Frameworks */,
			);
			runOnlyForDeploymentPostprocessing = 0;
		};
/* End PBXFrameworksBuildPhase section */

/* Begin PBXGroup section */
		3988C5F19DE40555B2DEB2BF /* Pods */ = {
			isa = PBXGroup;
			children = (
				C6B52E03F66C8622E9BDEE23 /* Pods-UpsalesTest.debug.xcconfig */,
				5F3825CF5D01EA8B73B0E1A9 /* Pods-UpsalesTest.release.xcconfig */,
			);
			name = Pods;
			sourceTree = "<group>";
		};
		E694DC66117E7F8B8F20F802 /* Frameworks */ = {
			isa = PBXGroup;
			children = (
				6EBF4982B87698BE98E54DF4 /* Pods_UpsalesTest.framework */,
			);
			name = Frameworks;
			sourceTree = "<group>";
		};
		FA7250BD2038A47E0066C631 = {
			isa = PBXGroup;
			children = (
				FA7250C82038A47E0066C631 /* UpsalesTest */,
				FA7250C72038A47E0066C631 /* Products */,
				3988C5F19DE40555B2DEB2BF /* Pods */,
				E694DC66117E7F8B8F20F802 /* Frameworks */,
			);
			sourceTree = "<group>";
		};
		FA7250C72038A47E0066C631 /* Products */ = {
			isa = PBXGroup;
			children = (
				FA7250C62038A47E0066C631 /* UpsalesTest.app */,
			);
			name = Products;
			sourceTree = "<group>";
		};
		FA7250C82038A47E0066C631 /* UpsalesTest */ = {
			isa = PBXGroup;
			children = (
				FA7250F42038A8730066C631 /* Utilities */,
				FA7250E02038A7060066C631 /* CustomViews */,
				FA7250EB2038A7060066C631 /* Models */,
				FA7250EC2038A7060066C631 /* Networking */,
				FA7250E52038A7060066C631 /* Presenters */,
				FA7250DB2038A7060066C631 /* Repositories */,
				FA7250E82038A7060066C631 /* UseCases */,
				FA7250DC2038A7060066C631 /* ViewControllers */,
				FA7251112038B3360066C631 /* Storyboards */,
				FA7250C92038A47E0066C631 /* AppDelegate.swift */,
				FA7250D02038A47E0066C631 /* Assets.xcassets */,
				FA7250D22038A47E0066C631 /* LaunchScreen.storyboard */,
				FA7250D52038A47E0066C631 /* Info.plist */,
			);
			path = UpsalesTest;
			sourceTree = "<group>";
		};
		FA7250DB2038A7060066C631 /* Repositories */ = {
			isa = PBXGroup;
			children = (
				FA7250FA2038AC110066C631 /* Client */,
				FA7250F92038AC110066C631 /* Filters */,
			);
			path = Repositories;
			sourceTree = "<group>";
		};
		FA7250DC2038A7060066C631 /* ViewControllers */ = {
			isa = PBXGroup;
			children = (
				FA7250DD2038A7060066C631 /* Clients */,
				FA7250DE2038A7060066C631 /* Filter */,
				FA7250DF2038A7060066C631 /* NavigationControllers */,
			);
			path = ViewControllers;
			sourceTree = "<group>";
		};
		FA7250DD2038A7060066C631 /* Clients */ = {
			isa = PBXGroup;
			children = (
				FA7250F72038AA820066C631 /* ClientsViewController.swift */,
				FA7251072038AF840066C631 /* ClientsViewController+UITableView.swift */,
				FA72510D2038B1ED0066C631 /* ClientsViewController+PresentationDelegate.swift */,
			);
			path = Clients;
			sourceTree = "<group>";
		};
		FA7250DE2038A7060066C631 /* Filter */ = {
			isa = PBXGroup;
			children = (
				FA7251162038B4860066C631 /* FilterCriteriaViewController.swift */,
				FA72511E2038B5E20066C631 /* FilterCriteriaViewController+UITableView.swift */,
			);
			path = Filter;
			sourceTree = "<group>";
		};
		FA7250DF2038A7060066C631 /* NavigationControllers */ = {
			isa = PBXGroup;
			children = (
				FA7250F22038A83A0066C631 /* RootNavigationController.swift */,
				FA7251142038B3960066C631 /* FiltersNavigationController.swift */,
			);
			path = NavigationControllers;
			sourceTree = "<group>";
		};
		FA7250E02038A7060066C631 /* CustomViews */ = {
			isa = PBXGroup;
			children = (
				FA7250E12038A7060066C631 /* CustomCells */,
			);
			path = CustomViews;
			sourceTree = "<group>";
		};
		FA7250E12038A7060066C631 /* CustomCells */ = {
			isa = PBXGroup;
			children = (
				FA7250E22038A7060066C631 /* ClientsCell */,
				FA7250E32038A7060066C631 /* FilterCell */,
				FA7250E42038A7060066C631 /* FilterCriteriaCell */,
			);
			path = CustomCells;
			sourceTree = "<group>";
		};
		FA7250E22038A7060066C631 /* ClientsCell */ = {
			isa = PBXGroup;
			children = (
				FA7251092038B0070066C631 /* ClientsTableViewCell.swift */,
				FA72510A2038B0070066C631 /* ClientsTableViewCell.xib */,
			);
			path = ClientsCell;
			sourceTree = "<group>";
		};
		FA7250E32038A7060066C631 /* FilterCell */ = {
			isa = PBXGroup;
			children = (
			);
			path = FilterCell;
			sourceTree = "<group>";
		};
		FA7250E42038A7060066C631 /* FilterCriteriaCell */ = {
			isa = PBXGroup;
			children = (
				FA72511A2038B4E50066C631 /* FilterCriteriaTableViewCell.swift */,
				FA72511B2038B4E50066C631 /* FilterCriteriaTableViewCell.xib */,
			);
			path = FilterCriteriaCell;
			sourceTree = "<group>";
		};
		FA7250E52038A7060066C631 /* Presenters */ = {
			isa = PBXGroup;
			children = (
				FA7250E62038A7060066C631 /* Filters */,
				FA7250E72038A7060066C631 /* Clients */,
			);
			path = Presenters;
			sourceTree = "<group>";
		};
		FA7250E62038A7060066C631 /* Filters */ = {
			isa = PBXGroup;
			children = (
			);
			path = Filters;
			sourceTree = "<group>";
		};
		FA7250E72038A7060066C631 /* Clients */ = {
			isa = PBXGroup;
			children = (
				FA7250FF2038AD550066C631 /* ClientsPresenter.swift */,
			);
			path = Clients;
			sourceTree = "<group>";
		};
		FA7250E82038A7060066C631 /* UseCases */ = {
			isa = PBXGroup;
			children = (
				FA7250E92038A7060066C631 /* Filters */,
				FA7250EA2038A7060066C631 /* Clients */,
			);
			path = UseCases;
			sourceTree = "<group>";
		};
		FA7250E92038A7060066C631 /* Filters */ = {
			isa = PBXGroup;
			children = (
			);
			path = Filters;
			sourceTree = "<group>";
		};
		FA7250EA2038A7060066C631 /* Clients */ = {
			isa = PBXGroup;
			children = (
				FA7250FD2038ACE90066C631 /* FetchClientsListUseCase.swift */,
			);
			path = Clients;
			sourceTree = "<group>";
		};
		FA7250EB2038A7060066C631 /* Models */ = {
			isa = PBXGroup;
			children = (
				FA7251012038ADDF0066C631 /* ClientsList.swift */,
				FA7251032038ADFC0066C631 /* Client.swift */,
				FA7251052038AE2F0066C631 /* User.swift */,
			);
			path = Models;
			sourceTree = "<group>";
		};
		FA7250EC2038A7060066C631 /* Networking */ = {
			isa = PBXGroup;
			children = (
				FA7250EF2038A7D80066C631 /* Constants */,
				FA7250ED2038A7700066C631 /* APIClient.swift */,
			);
			path = Networking;
			sourceTree = "<group>";
		};
		FA7250EF2038A7D80066C631 /* Constants */ = {
			isa = PBXGroup;
			children = (
				FA7250F02038A7E50066C631 /* ApiConstants.swift */,
			);
			path = Constants;
			sourceTree = "<group>";
		};
		FA7250F42038A8730066C631 /* Utilities */ = {
			isa = PBXGroup;
			children = (
				FA7250F52038A8A00066C631 /* UIColor+upsales.swift */,
				FA72510F2038B24D0066C631 /* UIUtilities.swift */,
			);
			path = Utilities;
			sourceTree = "<group>";
		};
		FA7250F92038AC110066C631 /* Filters */ = {
			isa = PBXGroup;
			children = (
			);
			path = Filters;
			sourceTree = "<group>";
		};
		FA7250FA2038AC110066C631 /* Client */ = {
			isa = PBXGroup;
			children = (
				FA7250FB2038AC2C0066C631 /* ClientsRepository.swift */,
			);
			path = Client;
			sourceTree = "<group>";
		};
		FA7251112038B3360066C631 /* Storyboards */ = {
			isa = PBXGroup;
			children = (
				FA7250CD2038A47E0066C631 /* Main.storyboard */,
				FA7251122038B34A0066C631 /* Filters.storyboard */,
			);
			path = Storyboards;
			sourceTree = "<group>";
		};
/* End PBXGroup section */

/* Begin PBXNativeTarget section */
		FA7250C52038A47E0066C631 /* UpsalesTest */ = {
			isa = PBXNativeTarget;
			buildConfigurationList = FA7250D82038A47E0066C631 /* Build configuration list for PBXNativeTarget "UpsalesTest" */;
			buildPhases = (
				A0B1A6491600E802BC00CDFB /* [CP] Check Pods Manifest.lock */,
				FA7250C22038A47E0066C631 /* Sources */,
				FA7250C32038A47E0066C631 /* Frameworks */,
				FA7250C42038A47E0066C631 /* Resources */,
				619EF266DB8738E9CDB26409 /* [CP] Embed Pods Frameworks */,
				B83AF82C005732C71E29AB70 /* [CP] Copy Pods Resources */,
			);
			buildRules = (
			);
			dependencies = (
			);
			name = UpsalesTest;
			productName = UpsalesTest;
			productReference = FA7250C62038A47E0066C631 /* UpsalesTest.app */;
			productType = "com.apple.product-type.application";
		};
/* End PBXNativeTarget section */

/* Begin PBXProject section */
		FA7250BE2038A47E0066C631 /* Project object */ = {
			isa = PBXProject;
			attributes = {
				LastSwiftUpdateCheck = 0920;
				LastUpgradeCheck = 0920;
				ORGANIZATIONNAME = "Mostafa Elbutch";
				TargetAttributes = {
					FA7250C52038A47E0066C631 = {
						CreatedOnToolsVersion = 9.2;
						ProvisioningStyle = Automatic;
					};
				};
			};
			buildConfigurationList = FA7250C12038A47E0066C631 /* Build configuration list for PBXProject "UpsalesTest" */;
			compatibilityVersion = "Xcode 8.0";
			developmentRegion = en;
			hasScannedForEncodings = 0;
			knownRegions = (
				en,
				Base,
			);
			mainGroup = FA7250BD2038A47E0066C631;
			productRefGroup = FA7250C72038A47E0066C631 /* Products */;
			projectDirPath = "";
			projectRoot = "";
			targets = (
				FA7250C52038A47E0066C631 /* UpsalesTest */,
			);
		};
/* End PBXProject section */

/* Begin PBXResourcesBuildPhase section */
		FA7250C42038A47E0066C631 /* Resources */ = {
			isa = PBXResourcesBuildPhase;
			buildActionMask = 2147483647;
			files = (
				FA7250D42038A47E0066C631 /* LaunchScreen.storyboard in Resources */,
				FA7250D12038A47E0066C631 /* Assets.xcassets in Resources */,
				FA72511D2038B4E50066C631 /* FilterCriteriaTableViewCell.xib in Resources */,
				FA72510C2038B0070066C631 /* ClientsTableViewCell.xib in Resources */,
				FA7251132038B34A0066C631 /* Filters.storyboard in Resources */,
				FA7250CF2038A47E0066C631 /* Main.storyboard in Resources */,
			);
			runOnlyForDeploymentPostprocessing = 0;
		};
/* End PBXResourcesBuildPhase section */

/* Begin PBXShellScriptBuildPhase section */
		619EF266DB8738E9CDB26409 /* [CP] Embed Pods Frameworks */ = {
			isa = PBXShellScriptBuildPhase;
			buildActionMask = 2147483647;
			files = (
			);
			inputPaths = (
				"${SRCROOT}/Pods/Target Support Files/Pods-UpsalesTest/Pods-UpsalesTest-frameworks.sh",
				"${BUILT_PRODUCTS_DIR}/Alamofire/Alamofire.framework",
				"${BUILT_PRODUCTS_DIR}/ObjectMapper/ObjectMapper.framework",
				"${BUILT_PRODUCTS_DIR}/SVProgressHUD/SVProgressHUD.framework",
			);
			name = "[CP] Embed Pods Frameworks";
			outputPaths = (
				"${TARGET_BUILD_DIR}/${FRAMEWORKS_FOLDER_PATH}/Alamofire.framework",
				"${TARGET_BUILD_DIR}/${FRAMEWORKS_FOLDER_PATH}/ObjectMapper.framework",
				"${TARGET_BUILD_DIR}/${FRAMEWORKS_FOLDER_PATH}/SVProgressHUD.framework",
			);
			runOnlyForDeploymentPostprocessing = 0;
			shellPath = /bin/sh;
			shellScript = "\"${SRCROOT}/Pods/Target Support Files/Pods-UpsalesTest/Pods-UpsalesTest-frameworks.sh\"\n";
			showEnvVarsInLog = 0;
		};
		A0B1A6491600E802BC00CDFB /* [CP] Check Pods Manifest.lock */ = {
			isa = PBXShellScriptBuildPhase;
			buildActionMask = 2147483647;
			files = (
			);
			inputPaths = (
				"${PODS_PODFILE_DIR_PATH}/Podfile.lock",
				"${PODS_ROOT}/Manifest.lock",
			);
			name = "[CP] Check Pods Manifest.lock";
			outputPaths = (
				"$(DERIVED_FILE_DIR)/Pods-UpsalesTest-checkManifestLockResult.txt",
			);
			runOnlyForDeploymentPostprocessing = 0;
			shellPath = /bin/sh;
			shellScript = "diff \"${PODS_PODFILE_DIR_PATH}/Podfile.lock\" \"${PODS_ROOT}/Manifest.lock\" > /dev/null\nif [ $? != 0 ] ; then\n    # print error to STDERR\n    echo \"error: The sandbox is not in sync with the Podfile.lock. Run 'pod install' or update your CocoaPods installation.\" >&2\n    exit 1\nfi\n# This output is used by Xcode 'outputs' to avoid re-running this script phase.\necho \"SUCCESS\" > \"${SCRIPT_OUTPUT_FILE_0}\"\n";
			showEnvVarsInLog = 0;
		};
		B83AF82C005732C71E29AB70 /* [CP] Copy Pods Resources */ = {
			isa = PBXShellScriptBuildPhase;
			buildActionMask = 2147483647;
			files = (
			);
			inputPaths = (
			);
			name = "[CP] Copy Pods Resources";
			outputPaths = (
			);
			runOnlyForDeploymentPostprocessing = 0;
			shellPath = /bin/sh;
			shellScript = "\"${SRCROOT}/Pods/Target Support Files/Pods-UpsalesTest/Pods-UpsalesTest-resources.sh\"\n";
			showEnvVarsInLog = 0;
		};
/* End PBXShellScriptBuildPhase section */

/* Begin PBXSourcesBuildPhase section */
		FA7250C22038A47E0066C631 /* Sources */ = {
			isa = PBXSourcesBuildPhase;
			buildActionMask = 2147483647;
			files = (
				FA7251152038B3960066C631 /* FiltersNavigationController.swift in Sources */,
				FA7251082038AF840066C631 /* ClientsViewController+UITableView.swift in Sources */,
				FA72510E2038B1ED0066C631 /* ClientsViewController+PresentationDelegate.swift in Sources */,
				FA7251172038B4860066C631 /* FilterCriteriaViewController.swift in Sources */,
				FA7250CA2038A47E0066C631 /* AppDelegate.swift in Sources */,
				FA72511C2038B4E50066C631 /* FilterCriteriaTableViewCell.swift in Sources */,
				FA7250FE2038ACE90066C631 /* FetchClientsListUseCase.swift in Sources */,
				FA7251022038ADDF0066C631 /* ClientsList.swift in Sources */,
				FA7250F32038A83A0066C631 /* RootNavigationController.swift in Sources */,
				FA72511F2038B5E20066C631 /* FilterCriteriaViewController+UITableView.swift in Sources */,
				FA7251102038B24D0066C631 /* UIUtilities.swift in Sources */,
				FA7251042038ADFC0066C631 /* Client.swift in Sources */,
				FA7250EE2038A7700066C631 /* APIClient.swift in Sources */,
				FA7250F82038AA820066C631 /* ClientsViewController.swift in Sources */,
				FA72510B2038B0070066C631 /* ClientsTableViewCell.swift in Sources */,
				FA7250FC2038AC2C0066C631 /* ClientsRepository.swift in Sources */,
				FA7251062038AE2F0066C631 /* User.swift in Sources */,
				FA7250F12038A7E50066C631 /* ApiConstants.swift in Sources */,
				FA7250F62038A8A00066C631 /* UIColor+upsales.swift in Sources */,
				FA7251002038AD550066C631 /* ClientsPresenter.swift in Sources */,
			);
			runOnlyForDeploymentPostprocessing = 0;
		};
/* End PBXSourcesBuildPhase section */

/* Begin PBXVariantGroup section */
		FA7250CD2038A47E0066C631 /* Main.storyboard */ = {
			isa = PBXVariantGroup;
			children = (
				FA7250CE2038A47E0066C631 /* Base */,
			);
			name = Main.storyboard;
			sourceTree = "<group>";
		};
		FA7250D22038A47E0066C631 /* LaunchScreen.storyboard */ = {
			isa = PBXVariantGroup;
			children = (
				FA7250D32038A47E0066C631 /* Base */,
			);
			name = LaunchScreen.storyboard;
			sourceTree = "<group>";
		};
/* End PBXVariantGroup section */

/* Begin XCBuildConfiguration section */
		FA7250D62038A47E0066C631 /* Debug */ = {
			isa = XCBuildConfiguration;
			buildSettings = {
				ALWAYS_SEARCH_USER_PATHS = NO;
				CLANG_ANALYZER_NONNULL = YES;
				CLANG_ANALYZER_NUMBER_OBJECT_CONVERSION = YES_AGGRESSIVE;
				CLANG_CXX_LANGUAGE_STANDARD = "gnu++14";
				CLANG_CXX_LIBRARY = "libc++";
				CLANG_ENABLE_MODULES = YES;
				CLANG_ENABLE_OBJC_ARC = YES;
				CLANG_WARN_BLOCK_CAPTURE_AUTORELEASING = YES;
				CLANG_WARN_BOOL_CONVERSION = YES;
				CLANG_WARN_COMMA = YES;
				CLANG_WARN_CONSTANT_CONVERSION = YES;
				CLANG_WARN_DIRECT_OBJC_ISA_USAGE = YES_ERROR;
				CLANG_WARN_DOCUMENTATION_COMMENTS = YES;
				CLANG_WARN_EMPTY_BODY = YES;
				CLANG_WARN_ENUM_CONVERSION = YES;
				CLANG_WARN_INFINITE_RECURSION = YES;
				CLANG_WARN_INT_CONVERSION = YES;
				CLANG_WARN_NON_LITERAL_NULL_CONVERSION = YES;
				CLANG_WARN_OBJC_LITERAL_CONVERSION = YES;
				CLANG_WARN_OBJC_ROOT_CLASS = YES_ERROR;
				CLANG_WARN_RANGE_LOOP_ANALYSIS = YES;
				CLANG_WARN_STRICT_PROTOTYPES = YES;
				CLANG_WARN_SUSPICIOUS_MOVE = YES;
				CLANG_WARN_UNGUARDED_AVAILABILITY = YES_AGGRESSIVE;
				CLANG_WARN_UNREACHABLE_CODE = YES;
				CLANG_WARN__DUPLICATE_METHOD_MATCH = YES;
				CODE_SIGN_IDENTITY = "iPhone Developer";
				COPY_PHASE_STRIP = NO;
				DEBUG_INFORMATION_FORMAT = dwarf;
				ENABLE_STRICT_OBJC_MSGSEND = YES;
				ENABLE_TESTABILITY = YES;
				GCC_C_LANGUAGE_STANDARD = gnu11;
				GCC_DYNAMIC_NO_PIC = NO;
				GCC_NO_COMMON_BLOCKS = YES;
				GCC_OPTIMIZATION_LEVEL = 0;
				GCC_PREPROCESSOR_DEFINITIONS = (
					"DEBUG=1",
					"$(inherited)",
				);
				GCC_WARN_64_TO_32_BIT_CONVERSION = YES;
				GCC_WARN_ABOUT_RETURN_TYPE = YES_ERROR;
				GCC_WARN_UNDECLARED_SELECTOR = YES;
				GCC_WARN_UNINITIALIZED_AUTOS = YES_AGGRESSIVE;
				GCC_WARN_UNUSED_FUNCTION = YES;
				GCC_WARN_UNUSED_VARIABLE = YES;
				IPHONEOS_DEPLOYMENT_TARGET = 11.2;
				MTL_ENABLE_DEBUG_INFO = YES;
				ONLY_ACTIVE_ARCH = YES;
				SDKROOT = iphoneos;
				SWIFT_ACTIVE_COMPILATION_CONDITIONS = DEBUG;
				SWIFT_OPTIMIZATION_LEVEL = "-Onone";
			};
			name = Debug;
		};
		FA7250D72038A47E0066C631 /* Release */ = {
			isa = XCBuildConfiguration;
			buildSettings = {
				ALWAYS_SEARCH_USER_PATHS = NO;
				CLANG_ANALYZER_NONNULL = YES;
				CLANG_ANALYZER_NUMBER_OBJECT_CONVERSION = YES_AGGRESSIVE;
				CLANG_CXX_LANGUAGE_STANDARD = "gnu++14";
				CLANG_CXX_LIBRARY = "libc++";
				CLANG_ENABLE_MODULES = YES;
				CLANG_ENABLE_OBJC_ARC = YES;
				CLANG_WARN_BLOCK_CAPTURE_AUTORELEASING = YES;
				CLANG_WARN_BOOL_CONVERSION = YES;
				CLANG_WARN_COMMA = YES;
				CLANG_WARN_CONSTANT_CONVERSION = YES;
				CLANG_WARN_DIRECT_OBJC_ISA_USAGE = YES_ERROR;
				CLANG_WARN_DOCUMENTATION_COMMENTS = YES;
				CLANG_WARN_EMPTY_BODY = YES;
				CLANG_WARN_ENUM_CONVERSION = YES;
				CLANG_WARN_INFINITE_RECURSION = YES;
				CLANG_WARN_INT_CONVERSION = YES;
				CLANG_WARN_NON_LITERAL_NULL_CONVERSION = YES;
				CLANG_WARN_OBJC_LITERAL_CONVERSION = YES;
				CLANG_WARN_OBJC_ROOT_CLASS = YES_ERROR;
				CLANG_WARN_RANGE_LOOP_ANALYSIS = YES;
				CLANG_WARN_STRICT_PROTOTYPES = YES;
				CLANG_WARN_SUSPICIOUS_MOVE = YES;
				CLANG_WARN_UNGUARDED_AVAILABILITY = YES_AGGRESSIVE;
				CLANG_WARN_UNREACHABLE_CODE = YES;
				CLANG_WARN__DUPLICATE_METHOD_MATCH = YES;
				CODE_SIGN_IDENTITY = "iPhone Developer";
				COPY_PHASE_STRIP = NO;
				DEBUG_INFORMATION_FORMAT = "dwarf-with-dsym";
				ENABLE_NS_ASSERTIONS = NO;
				ENABLE_STRICT_OBJC_MSGSEND = YES;
				GCC_C_LANGUAGE_STANDARD = gnu11;
				GCC_NO_COMMON_BLOCKS = YES;
				GCC_WARN_64_TO_32_BIT_CONVERSION = YES;
				GCC_WARN_ABOUT_RETURN_TYPE = YES_ERROR;
				GCC_WARN_UNDECLARED_SELECTOR = YES;
				GCC_WARN_UNINITIALIZED_AUTOS = YES_AGGRESSIVE;
				GCC_WARN_UNUSED_FUNCTION = YES;
				GCC_WARN_UNUSED_VARIABLE = YES;
				IPHONEOS_DEPLOYMENT_TARGET = 11.2;
				MTL_ENABLE_DEBUG_INFO = NO;
				SDKROOT = iphoneos;
				SWIFT_OPTIMIZATION_LEVEL = "-Owholemodule";
				VALIDATE_PRODUCT = YES;
			};
			name = Release;
		};
		FA7250D92038A47E0066C631 /* Debug */ = {
			isa = XCBuildConfiguration;
			baseConfigurationReference = C6B52E03F66C8622E9BDEE23 /* Pods-UpsalesTest.debug.xcconfig */;
			buildSettings = {
				ASSETCATALOG_COMPILER_APPICON_NAME = AppIcon;
				CODE_SIGN_STYLE = Automatic;
				INFOPLIST_FILE = UpsalesTest/Info.plist;
				LD_RUNPATH_SEARCH_PATHS = "$(inherited) @executable_path/Frameworks";
				PRODUCT_BUNDLE_IDENTIFIER = test.upsales.UpsalesTest;
				PRODUCT_NAME = "$(TARGET_NAME)";
				SWIFT_VERSION = 4.0;
				TARGETED_DEVICE_FAMILY = "1,2";
			};
			name = Debug;
		};
		FA7250DA2038A47E0066C631 /* Release */ = {
			isa = XCBuildConfiguration;
			baseConfigurationReference = 5F3825CF5D01EA8B73B0E1A9 /* Pods-UpsalesTest.release.xcconfig */;
			buildSettings = {
				ASSETCATALOG_COMPILER_APPICON_NAME = AppIcon;
				CODE_SIGN_STYLE = Automatic;
				INFOPLIST_FILE = UpsalesTest/Info.plist;
				LD_RUNPATH_SEARCH_PATHS = "$(inherited) @executable_path/Frameworks";
				PRODUCT_BUNDLE_IDENTIFIER = test.upsales.UpsalesTest;
				PRODUCT_NAME = "$(TARGET_NAME)";
				SWIFT_VERSION = 4.0;
				TARGETED_DEVICE_FAMILY = "1,2";
			};
			name = Release;
		};
/* End XCBuildConfiguration section */

/* Begin XCConfigurationList section */
		FA7250C12038A47E0066C631 /* Build configuration list for PBXProject "UpsalesTest" */ = {
			isa = XCConfigurationList;
			buildConfigurations = (
				FA7250D62038A47E0066C631 /* Debug */,
				FA7250D72038A47E0066C631 /* Release */,
			);
			defaultConfigurationIsVisible = 0;
			defaultConfigurationName = Release;
		};
		FA7250D82038A47E0066C631 /* Build configuration list for PBXNativeTarget "UpsalesTest" */ = {
			isa = XCConfigurationList;
			buildConfigurations = (
				FA7250D92038A47E0066C631 /* Debug */,
				FA7250DA2038A47E0066C631 /* Release */,
			);
			defaultConfigurationIsVisible = 0;
			defaultConfigurationName = Release;
		};
/* End XCConfigurationList section */
	};
	rootObject = FA7250BE2038A47E0066C631 /* Project object */;
}
